// !$*UTF8*$!
{
	archiveVersion = 1;
	classes = {
	};
	objectVersion = 55;
	objects = {

/* Begin PBXBuildFile section */
		FD0735E6278A227900F022A0 /* AppDelegate.swift in Sources */ = {isa = PBXBuildFile; fileRef = FD0735E5278A227900F022A0 /* AppDelegate.swift */; };
		FD0735E8278A227900F022A0 /* SceneDelegate.swift in Sources */ = {isa = PBXBuildFile; fileRef = FD0735E7278A227900F022A0 /* SceneDelegate.swift */; };
		FD0735EF278A227A00F022A0 /* Assets.xcassets in Resources */ = {isa = PBXBuildFile; fileRef = FD0735EE278A227A00F022A0 /* Assets.xcassets */; };
		FD0735FA278A4F3000F022A0 /* SearchVC.swift in Sources */ = {isa = PBXBuildFile; fileRef = FD0735F9278A4F3000F022A0 /* SearchVC.swift */; };
		FD0735FC278A4F9700F022A0 /* FavoriteListVC.swift in Sources */ = {isa = PBXBuildFile; fileRef = FD0735FB278A4F9700F022A0 /* FavoriteListVC.swift */; };
		FD0735FE278A520100F022A0 /* Launch Screen.storyboard in Resources */ = {isa = PBXBuildFile; fileRef = FD0735FD278A520100F022A0 /* Launch Screen.storyboard */; };
		FD073600278A71EA00F022A0 /* GFButton.swift in Sources */ = {isa = PBXBuildFile; fileRef = FD0735FF278A71EA00F022A0 /* GFButton.swift */; };
		FD073602278A7BE600F022A0 /* GFTextField.swift in Sources */ = {isa = PBXBuildFile; fileRef = FD073601278A7BE600F022A0 /* GFTextField.swift */; };
		FD073604278AA68300F022A0 /* FollowersListVC.swift in Sources */ = {isa = PBXBuildFile; fileRef = FD073603278AA68300F022A0 /* FollowersListVC.swift */; };
		FD073606278BA6C400F022A0 /* GFTitleLabel.swift in Sources */ = {isa = PBXBuildFile; fileRef = FD073605278BA6C400F022A0 /* GFTitleLabel.swift */; };
		FD073608278BA81A00F022A0 /* GFBodyLabel.swift in Sources */ = {isa = PBXBuildFile; fileRef = FD073607278BA81A00F022A0 /* GFBodyLabel.swift */; };
		FD07360A278BA91B00F022A0 /* GFAlertVC.swift in Sources */ = {isa = PBXBuildFile; fileRef = FD073609278BA91B00F022A0 /* GFAlertVC.swift */; };
		FD07360C278BB25F00F022A0 /* UIViewController + Ext.swift in Sources */ = {isa = PBXBuildFile; fileRef = FD07360B278BB25F00F022A0 /* UIViewController + Ext.swift */; };
		FD073614278BDD9700F022A0 /* Follower.swift in Sources */ = {isa = PBXBuildFile; fileRef = FD073613278BDD9700F022A0 /* Follower.swift */; };
		FD073616278BE1FD00F022A0 /* User.swift in Sources */ = {isa = PBXBuildFile; fileRef = FD073615278BE1FD00F022A0 /* User.swift */; };
		FD073619278BE66000F022A0 /* NetworkManager.swift in Sources */ = {isa = PBXBuildFile; fileRef = FD073618278BE66000F022A0 /* NetworkManager.swift */; };
		FD07361F278BFF0500F022A0 /* FollowerCell.swift in Sources */ = {isa = PBXBuildFile; fileRef = FD07361E278BFF0500F022A0 /* FollowerCell.swift */; };
		FD073621278BFF9800F022A0 /* GFAvatarImageView.swift in Sources */ = {isa = PBXBuildFile; fileRef = FD073620278BFF9800F022A0 /* GFAvatarImageView.swift */; };
		FD4C7245278CC1E300C246B4 /* UIHelper.swift in Sources */ = {isa = PBXBuildFile; fileRef = FD4C7244278CC1E300C246B4 /* UIHelper.swift */; };
		FD4C724D278E3CDC00C246B4 /* GFEmptyStateView.swift in Sources */ = {isa = PBXBuildFile; fileRef = FD4C724C278E3CDC00C246B4 /* GFEmptyStateView.swift */; };
		FD4C724F278E8BD600C246B4 /* UserInfoVC.swift in Sources */ = {isa = PBXBuildFile; fileRef = FD4C724E278E8BD600C246B4 /* UserInfoVC.swift */; };
		FD4C7251278EA04600C246B4 /* GFError.swift in Sources */ = {isa = PBXBuildFile; fileRef = FD4C7250278EA04600C246B4 /* GFError.swift */; };
		FD4C7253278EA82900C246B4 /* GFUserInfoHeaderVC.swift in Sources */ = {isa = PBXBuildFile; fileRef = FD4C7252278EA82900C246B4 /* GFUserInfoHeaderVC.swift */; };
		FD4C7255278EA89B00C246B4 /* GFSecondaryTitleLabel.swift in Sources */ = {isa = PBXBuildFile; fileRef = FD4C7254278EA89B00C246B4 /* GFSecondaryTitleLabel.swift */; };
		FD4C7257278EB18200C246B4 /* Constants.swift in Sources */ = {isa = PBXBuildFile; fileRef = FD4C7256278EB18200C246B4 /* Constants.swift */; };
		FD4C7259278F4E6C00C246B4 /* GFItemInfoView.swift in Sources */ = {isa = PBXBuildFile; fileRef = FD4C7258278F4E6C00C246B4 /* GFItemInfoView.swift */; };
/* End PBXBuildFile section */

/* Begin PBXFileReference section */
		FD0735E2278A227900F022A0 /* Github Followers.app */ = {isa = PBXFileReference; explicitFileType = wrapper.application; includeInIndex = 0; path = "Github Followers.app"; sourceTree = BUILT_PRODUCTS_DIR; };
		FD0735E5278A227900F022A0 /* AppDelegate.swift */ = {isa = PBXFileReference; lastKnownFileType = sourcecode.swift; path = AppDelegate.swift; sourceTree = "<group>"; };
		FD0735E7278A227900F022A0 /* SceneDelegate.swift */ = {isa = PBXFileReference; lastKnownFileType = sourcecode.swift; path = SceneDelegate.swift; sourceTree = "<group>"; };
		FD0735EE278A227A00F022A0 /* Assets.xcassets */ = {isa = PBXFileReference; lastKnownFileType = folder.assetcatalog; path = Assets.xcassets; sourceTree = "<group>"; };
		FD0735F3278A227A00F022A0 /* Info.plist */ = {isa = PBXFileReference; lastKnownFileType = text.plist.xml; path = Info.plist; sourceTree = "<group>"; };
		FD0735F9278A4F3000F022A0 /* SearchVC.swift */ = {isa = PBXFileReference; lastKnownFileType = sourcecode.swift; path = SearchVC.swift; sourceTree = "<group>"; };
		FD0735FB278A4F9700F022A0 /* FavoriteListVC.swift */ = {isa = PBXFileReference; lastKnownFileType = sourcecode.swift; path = FavoriteListVC.swift; sourceTree = "<group>"; };
		FD0735FD278A520100F022A0 /* Launch Screen.storyboard */ = {isa = PBXFileReference; lastKnownFileType = file.storyboard; path = "Launch Screen.storyboard"; sourceTree = "<group>"; };
		FD0735FF278A71EA00F022A0 /* GFButton.swift */ = {isa = PBXFileReference; lastKnownFileType = sourcecode.swift; path = GFButton.swift; sourceTree = "<group>"; };
		FD073601278A7BE600F022A0 /* GFTextField.swift */ = {isa = PBXFileReference; lastKnownFileType = sourcecode.swift; path = GFTextField.swift; sourceTree = "<group>"; };
		FD073603278AA68300F022A0 /* FollowersListVC.swift */ = {isa = PBXFileReference; lastKnownFileType = sourcecode.swift; path = FollowersListVC.swift; sourceTree = "<group>"; };
		FD073605278BA6C400F022A0 /* GFTitleLabel.swift */ = {isa = PBXFileReference; lastKnownFileType = sourcecode.swift; path = GFTitleLabel.swift; sourceTree = "<group>"; };
		FD073607278BA81A00F022A0 /* GFBodyLabel.swift */ = {isa = PBXFileReference; lastKnownFileType = sourcecode.swift; path = GFBodyLabel.swift; sourceTree = "<group>"; };
		FD073609278BA91B00F022A0 /* GFAlertVC.swift */ = {isa = PBXFileReference; lastKnownFileType = sourcecode.swift; path = GFAlertVC.swift; sourceTree = "<group>"; };
		FD07360B278BB25F00F022A0 /* UIViewController + Ext.swift */ = {isa = PBXFileReference; lastKnownFileType = sourcecode.swift; path = "UIViewController + Ext.swift"; sourceTree = "<group>"; };
		FD073613278BDD9700F022A0 /* Follower.swift */ = {isa = PBXFileReference; lastKnownFileType = sourcecode.swift; path = Follower.swift; sourceTree = "<group>"; };
		FD073615278BE1FD00F022A0 /* User.swift */ = {isa = PBXFileReference; lastKnownFileType = sourcecode.swift; path = User.swift; sourceTree = "<group>"; };
		FD073618278BE66000F022A0 /* NetworkManager.swift */ = {isa = PBXFileReference; lastKnownFileType = sourcecode.swift; path = NetworkManager.swift; sourceTree = "<group>"; };
		FD07361E278BFF0500F022A0 /* FollowerCell.swift */ = {isa = PBXFileReference; lastKnownFileType = sourcecode.swift; path = FollowerCell.swift; sourceTree = "<group>"; };
		FD073620278BFF9800F022A0 /* GFAvatarImageView.swift */ = {isa = PBXFileReference; lastKnownFileType = sourcecode.swift; path = GFAvatarImageView.swift; sourceTree = "<group>"; };
		FD4C7244278CC1E300C246B4 /* UIHelper.swift */ = {isa = PBXFileReference; lastKnownFileType = sourcecode.swift; path = UIHelper.swift; sourceTree = "<group>"; };
		FD4C724C278E3CDC00C246B4 /* GFEmptyStateView.swift */ = {isa = PBXFileReference; lastKnownFileType = sourcecode.swift; path = GFEmptyStateView.swift; sourceTree = "<group>"; };
		FD4C724E278E8BD600C246B4 /* UserInfoVC.swift */ = {isa = PBXFileReference; lastKnownFileType = sourcecode.swift; path = UserInfoVC.swift; sourceTree = "<group>"; };
		FD4C7250278EA04600C246B4 /* GFError.swift */ = {isa = PBXFileReference; lastKnownFileType = sourcecode.swift; path = GFError.swift; sourceTree = "<group>"; };
		FD4C7252278EA82900C246B4 /* GFUserInfoHeaderVC.swift */ = {isa = PBXFileReference; lastKnownFileType = sourcecode.swift; path = GFUserInfoHeaderVC.swift; sourceTree = "<group>"; };
		FD4C7254278EA89B00C246B4 /* GFSecondaryTitleLabel.swift */ = {isa = PBXFileReference; lastKnownFileType = sourcecode.swift; path = GFSecondaryTitleLabel.swift; sourceTree = "<group>"; };
		FD4C7256278EB18200C246B4 /* Constants.swift */ = {isa = PBXFileReference; lastKnownFileType = sourcecode.swift; path = Constants.swift; sourceTree = "<group>"; };
		FD4C7258278F4E6C00C246B4 /* GFItemInfoView.swift */ = {isa = PBXFileReference; lastKnownFileType = sourcecode.swift; path = GFItemInfoView.swift; sourceTree = "<group>"; };
/* End PBXFileReference section */

/* Begin PBXFrameworksBuildPhase section */
		FD0735DF278A227900F022A0 /* Frameworks */ = {
			isa = PBXFrameworksBuildPhase;
			buildActionMask = 2147483647;
			files = (
			);
			runOnlyForDeploymentPostprocessing = 0;
		};
/* End PBXFrameworksBuildPhase section */

/* Begin PBXGroup section */
		FD0735D9278A227900F022A0 = {
			isa = PBXGroup;
			children = (
				FD0735E4278A227900F022A0 /* Github Followers */,
				FD0735E3278A227900F022A0 /* Products */,
			);
			sourceTree = "<group>";
		};
		FD0735E3278A227900F022A0 /* Products */ = {
			isa = PBXGroup;
			children = (
				FD0735E2278A227900F022A0 /* Github Followers.app */,
			);
			name = Products;
			sourceTree = "<group>";
		};
		FD0735E4278A227900F022A0 /* Github Followers */ = {
			isa = PBXGroup;
			children = (
				FD073611278BD7D500F022A0 /* Support */,
				FD07361A278BF79C00F022A0 /* Utilities */,
				FD073617278BE64800F022A0 /* Managers */,
				FD073612278BDD8200F022A0 /* Model */,
				FD073610278BD78600F022A0 /* Extensions */,
				FD07360E278BD74200F022A0 /* Custom Views */,
				FD07360D278BD71000F022A0 /* Screens */,
				FD0735F3278A227A00F022A0 /* Info.plist */,
			);
			path = "Github Followers";
			sourceTree = "<group>";
		};
		FD07360D278BD71000F022A0 /* Screens */ = {
			isa = PBXGroup;
			children = (
				FD073603278AA68300F022A0 /* FollowersListVC.swift */,
				FD0735FB278A4F9700F022A0 /* FavoriteListVC.swift */,
				FD0735F9278A4F3000F022A0 /* SearchVC.swift */,
				FD4C724E278E8BD600C246B4 /* UserInfoVC.swift */,
			);
			path = Screens;
			sourceTree = "<group>";
		};
		FD07360E278BD74200F022A0 /* Custom Views */ = {
			isa = PBXGroup;
			children = (
				FD4C724B278E3C6D00C246B4 /* ViewControllers */,
				FD4C7246278E3BCC00C246B4 /* Views */,
				FD4C724A278E3BFB00C246B4 /* Labels */,
				FD4C7249278E3BF100C246B4 /* ImageViews */,
				FD4C7248278E3BE000C246B4 /* TextFields */,
				FD4C7247278E3BD800C246B4 /* Buttons */,
				FD07361D278BFEDC00F022A0 /* Cells */,
			);
			path = "Custom Views";
			sourceTree = "<group>";
		};
		FD073610278BD78600F022A0 /* Extensions */ = {
			isa = PBXGroup;
			children = (
				FD07360B278BB25F00F022A0 /* UIViewController + Ext.swift */,
			);
			path = Extensions;
			sourceTree = "<group>";
		};
		FD073611278BD7D500F022A0 /* Support */ = {
			isa = PBXGroup;
			children = (
				FD0735FD278A520100F022A0 /* Launch Screen.storyboard */,
				FD0735EE278A227A00F022A0 /* Assets.xcassets */,
				FD0735E7278A227900F022A0 /* SceneDelegate.swift */,
				FD0735E5278A227900F022A0 /* AppDelegate.swift */,
			);
			path = Support;
			sourceTree = "<group>";
		};
		FD073612278BDD8200F022A0 /* Model */ = {
			isa = PBXGroup;
			children = (
				FD073613278BDD9700F022A0 /* Follower.swift */,
				FD073615278BE1FD00F022A0 /* User.swift */,
			);
			path = Model;
			sourceTree = "<group>";
		};
		FD073617278BE64800F022A0 /* Managers */ = {
			isa = PBXGroup;
			children = (
				FD073618278BE66000F022A0 /* NetworkManager.swift */,
			);
			path = Managers;
			sourceTree = "<group>";
		};
		FD07361A278BF79C00F022A0 /* Utilities */ = {
			isa = PBXGroup;
			children = (
				FD4C7244278CC1E300C246B4 /* UIHelper.swift */,
				FD4C7250278EA04600C246B4 /* GFError.swift */,
				FD4C7256278EB18200C246B4 /* Constants.swift */,
			);
			path = Utilities;
			sourceTree = "<group>";
		};
		FD07361D278BFEDC00F022A0 /* Cells */ = {
			isa = PBXGroup;
			children = (
				FD07361E278BFF0500F022A0 /* FollowerCell.swift */,
			);
			path = Cells;
			sourceTree = "<group>";
		};
		FD4C7246278E3BCC00C246B4 /* Views */ = {
			isa = PBXGroup;
			children = (
				FD4C724C278E3CDC00C246B4 /* GFEmptyStateView.swift */,
				FD4C7258278F4E6C00C246B4 /* GFItemInfoView.swift */,
			);
			path = Views;
			sourceTree = "<group>";
		};
		FD4C7247278E3BD800C246B4 /* Buttons */ = {
			isa = PBXGroup;
			children = (
				FD0735FF278A71EA00F022A0 /* GFButton.swift */,
			);
			path = Buttons;
			sourceTree = "<group>";
		};
		FD4C7248278E3BE000C246B4 /* TextFields */ = {
			isa = PBXGroup;
			children = (
				FD073601278A7BE600F022A0 /* GFTextField.swift */,
			);
			path = TextFields;
			sourceTree = "<group>";
		};
		FD4C7249278E3BF100C246B4 /* ImageViews */ = {
			isa = PBXGroup;
			children = (
				FD073620278BFF9800F022A0 /* GFAvatarImageView.swift */,
			);
			path = ImageViews;
			sourceTree = "<group>";
		};
		FD4C724A278E3BFB00C246B4 /* Labels */ = {
			isa = PBXGroup;
			children = (
				FD073605278BA6C400F022A0 /* GFTitleLabel.swift */,
				FD073607278BA81A00F022A0 /* GFBodyLabel.swift */,
				FD4C7254278EA89B00C246B4 /* GFSecondaryTitleLabel.swift */,
			);
			path = Labels;
			sourceTree = "<group>";
		};
		FD4C724B278E3C6D00C246B4 /* ViewControllers */ = {
			isa = PBXGroup;
			children = (
				FD073609278BA91B00F022A0 /* GFAlertVC.swift */,
				FD4C7252278EA82900C246B4 /* GFUserInfoHeaderVC.swift */,
			);
			path = ViewControllers;
			sourceTree = "<group>";
		};
/* End PBXGroup section */

/* Begin PBXNativeTarget section */
		FD0735E1278A227900F022A0 /* Github Followers */ = {
			isa = PBXNativeTarget;
			buildConfigurationList = FD0735F6278A227A00F022A0 /* Build configuration list for PBXNativeTarget "Github Followers" */;
			buildPhases = (
				FD0735DE278A227900F022A0 /* Sources */,
				FD0735DF278A227900F022A0 /* Frameworks */,
				FD0735E0278A227900F022A0 /* Resources */,
			);
			buildRules = (
			);
			dependencies = (
			);
			name = "Github Followers";
			productName = "Github Followers";
			productReference = FD0735E2278A227900F022A0 /* Github Followers.app */;
			productType = "com.apple.product-type.application";
		};
/* End PBXNativeTarget section */

/* Begin PBXProject section */
		FD0735DA278A227900F022A0 /* Project object */ = {
			isa = PBXProject;
			attributes = {
				BuildIndependentTargetsInParallel = 1;
				LastSwiftUpdateCheck = 1320;
				LastUpgradeCheck = 1320;
				TargetAttributes = {
					FD0735E1278A227900F022A0 = {
						CreatedOnToolsVersion = 13.2.1;
					};
				};
			};
			buildConfigurationList = FD0735DD278A227900F022A0 /* Build configuration list for PBXProject "Github Followers" */;
			compatibilityVersion = "Xcode 13.0";
			developmentRegion = en;
			hasScannedForEncodings = 0;
			knownRegions = (
				en,
				Base,
			);
			mainGroup = FD0735D9278A227900F022A0;
			productRefGroup = FD0735E3278A227900F022A0 /* Products */;
			projectDirPath = "";
			projectRoot = "";
			targets = (
				FD0735E1278A227900F022A0 /* Github Followers */,
			);
		};
/* End PBXProject section */

/* Begin PBXResourcesBuildPhase section */
		FD0735E0278A227900F022A0 /* Resources */ = {
			isa = PBXResourcesBuildPhase;
			buildActionMask = 2147483647;
			files = (
				FD0735FE278A520100F022A0 /* Launch Screen.storyboard in Resources */,
				FD0735EF278A227A00F022A0 /* Assets.xcassets in Resources */,
			);
			runOnlyForDeploymentPostprocessing = 0;
		};
/* End PBXResourcesBuildPhase section */

/* Begin PBXSourcesBuildPhase section */
		FD0735DE278A227900F022A0 /* Sources */ = {
			isa = PBXSourcesBuildPhase;
			buildActionMask = 2147483647;
			files = (
				FD073616278BE1FD00F022A0 /* User.swift in Sources */,
				FD073602278A7BE600F022A0 /* GFTextField.swift in Sources */,
				FD073604278AA68300F022A0 /* FollowersListVC.swift in Sources */,
				FD07360C278BB25F00F022A0 /* UIViewController + Ext.swift in Sources */,
				FD0735FC278A4F9700F022A0 /* FavoriteListVC.swift in Sources */,
				FD4C7245278CC1E300C246B4 /* UIHelper.swift in Sources */,
				FD4C7257278EB18200C246B4 /* Constants.swift in Sources */,
				FD073621278BFF9800F022A0 /* GFAvatarImageView.swift in Sources */,
				FD073600278A71EA00F022A0 /* GFButton.swift in Sources */,
				FD07360A278BA91B00F022A0 /* GFAlertVC.swift in Sources */,
				FD4C7259278F4E6C00C246B4 /* GFItemInfoView.swift in Sources */,
				FD07361F278BFF0500F022A0 /* FollowerCell.swift in Sources */,
				FD073608278BA81A00F022A0 /* GFBodyLabel.swift in Sources */,
				FD4C7253278EA82900C246B4 /* GFUserInfoHeaderVC.swift in Sources */,
				FD4C7251278EA04600C246B4 /* GFError.swift in Sources */,
				FD073614278BDD9700F022A0 /* Follower.swift in Sources */,
				FD073606278BA6C400F022A0 /* GFTitleLabel.swift in Sources */,
				FD4C7255278EA89B00C246B4 /* GFSecondaryTitleLabel.swift in Sources */,
				FD4C724D278E3CDC00C246B4 /* GFEmptyStateView.swift in Sources */,
				FD073619278BE66000F022A0 /* NetworkManager.swift in Sources */,
				FD0735FA278A4F3000F022A0 /* SearchVC.swift in Sources */,
				FD0735E6278A227900F022A0 /* AppDelegate.swift in Sources */,
				FD0735E8278A227900F022A0 /* SceneDelegate.swift in Sources */,
				FD4C724F278E8BD600C246B4 /* UserInfoVC.swift in Sources */,
			);
			runOnlyForDeploymentPostprocessing = 0;
		};
/* End PBXSourcesBuildPhase section */

/* Begin XCBuildConfiguration section */
		FD0735F4278A227A00F022A0 /* Debug */ = {
			isa = XCBuildConfiguration;
			buildSettings = {
				ALWAYS_SEARCH_USER_PATHS = NO;
				CLANG_ANALYZER_NONNULL = YES;
				CLANG_ANALYZER_NUMBER_OBJECT_CONVERSION = YES_AGGRESSIVE;
				CLANG_CXX_LANGUAGE_STANDARD = "gnu++17";
				CLANG_CXX_LIBRARY = "libc++";
				CLANG_ENABLE_MODULES = YES;
				CLANG_ENABLE_OBJC_ARC = YES;
				CLANG_ENABLE_OBJC_WEAK = YES;
				CLANG_WARN_BLOCK_CAPTURE_AUTORELEASING = YES;
				CLANG_WARN_BOOL_CONVERSION = YES;
				CLANG_WARN_COMMA = YES;
				CLANG_WARN_CONSTANT_CONVERSION = YES;
				CLANG_WARN_DEPRECATED_OBJC_IMPLEMENTATIONS = YES;
				CLANG_WARN_DIRECT_OBJC_ISA_USAGE = YES_ERROR;
				CLANG_WARN_DOCUMENTATION_COMMENTS = YES;
				CLANG_WARN_EMPTY_BODY = YES;
				CLANG_WARN_ENUM_CONVERSION = YES;
				CLANG_WARN_INFINITE_RECURSION = YES;
				CLANG_WARN_INT_CONVERSION = YES;
				CLANG_WARN_NON_LITERAL_NULL_CONVERSION = YES;
				CLANG_WARN_OBJC_IMPLICIT_RETAIN_SELF = YES;
				CLANG_WARN_OBJC_LITERAL_CONVERSION = YES;
				CLANG_WARN_OBJC_ROOT_CLASS = YES_ERROR;
				CLANG_WARN_QUOTED_INCLUDE_IN_FRAMEWORK_HEADER = YES;
				CLANG_WARN_RANGE_LOOP_ANALYSIS = YES;
				CLANG_WARN_STRICT_PROTOTYPES = YES;
				CLANG_WARN_SUSPICIOUS_MOVE = YES;
				CLANG_WARN_UNGUARDED_AVAILABILITY = YES_AGGRESSIVE;
				CLANG_WARN_UNREACHABLE_CODE = YES;
				CLANG_WARN__DUPLICATE_METHOD_MATCH = YES;
				COPY_PHASE_STRIP = NO;
				DEBUG_INFORMATION_FORMAT = dwarf;
				ENABLE_STRICT_OBJC_MSGSEND = YES;
				ENABLE_TESTABILITY = YES;
				GCC_C_LANGUAGE_STANDARD = gnu11;
				GCC_DYNAMIC_NO_PIC = NO;
				GCC_NO_COMMON_BLOCKS = YES;
				GCC_OPTIMIZATION_LEVEL = 0;
				GCC_PREPROCESSOR_DEFINITIONS = (
					"DEBUG=1",
					"$(inherited)",
				);
				GCC_WARN_64_TO_32_BIT_CONVERSION = YES;
				GCC_WARN_ABOUT_RETURN_TYPE = YES_ERROR;
				GCC_WARN_UNDECLARED_SELECTOR = YES;
				GCC_WARN_UNINITIALIZED_AUTOS = YES_AGGRESSIVE;
				GCC_WARN_UNUSED_FUNCTION = YES;
				GCC_WARN_UNUSED_VARIABLE = YES;
				IPHONEOS_DEPLOYMENT_TARGET = 15.2;
				MTL_ENABLE_DEBUG_INFO = INCLUDE_SOURCE;
				MTL_FAST_MATH = YES;
				ONLY_ACTIVE_ARCH = YES;
				SDKROOT = iphoneos;
				SWIFT_ACTIVE_COMPILATION_CONDITIONS = DEBUG;
				SWIFT_OPTIMIZATION_LEVEL = "-Onone";
			};
			name = Debug;
		};
		FD0735F5278A227A00F022A0 /* Release */ = {
			isa = XCBuildConfiguration;
			buildSettings = {
				ALWAYS_SEARCH_USER_PATHS = NO;
				CLANG_ANALYZER_NONNULL = YES;
				CLANG_ANALYZER_NUMBER_OBJECT_CONVERSION = YES_AGGRESSIVE;
				CLANG_CXX_LANGUAGE_STANDARD = "gnu++17";
				CLANG_CXX_LIBRARY = "libc++";
				CLANG_ENABLE_MODULES = YES;
				CLANG_ENABLE_OBJC_ARC = YES;
				CLANG_ENABLE_OBJC_WEAK = YES;
				CLANG_WARN_BLOCK_CAPTURE_AUTORELEASING = YES;
				CLANG_WARN_BOOL_CONVERSION = YES;
				CLANG_WARN_COMMA = YES;
				CLANG_WARN_CONSTANT_CONVERSION = YES;
				CLANG_WARN_DEPRECATED_OBJC_IMPLEMENTATIONS = YES;
				CLANG_WARN_DIRECT_OBJC_ISA_USAGE = YES_ERROR;
				CLANG_WARN_DOCUMENTATION_COMMENTS = YES;
				CLANG_WARN_EMPTY_BODY = YES;
				CLANG_WARN_ENUM_CONVERSION = YES;
				CLANG_WARN_INFINITE_RECURSION = YES;
				CLANG_WARN_INT_CONVERSION = YES;
				CLANG_WARN_NON_LITERAL_NULL_CONVERSION = YES;
				CLANG_WARN_OBJC_IMPLICIT_RETAIN_SELF = YES;
				CLANG_WARN_OBJC_LITERAL_CONVERSION = YES;
				CLANG_WARN_OBJC_ROOT_CLASS = YES_ERROR;
				CLANG_WARN_QUOTED_INCLUDE_IN_FRAMEWORK_HEADER = YES;
				CLANG_WARN_RANGE_LOOP_ANALYSIS = YES;
				CLANG_WARN_STRICT_PROTOTYPES = YES;
				CLANG_WARN_SUSPICIOUS_MOVE = YES;
				CLANG_WARN_UNGUARDED_AVAILABILITY = YES_AGGRESSIVE;
				CLANG_WARN_UNREACHABLE_CODE = YES;
				CLANG_WARN__DUPLICATE_METHOD_MATCH = YES;
				COPY_PHASE_STRIP = NO;
				DEBUG_INFORMATION_FORMAT = "dwarf-with-dsym";
				ENABLE_NS_ASSERTIONS = NO;
				ENABLE_STRICT_OBJC_MSGSEND = YES;
				GCC_C_LANGUAGE_STANDARD = gnu11;
				GCC_NO_COMMON_BLOCKS = YES;
				GCC_WARN_64_TO_32_BIT_CONVERSION = YES;
				GCC_WARN_ABOUT_RETURN_TYPE = YES_ERROR;
				GCC_WARN_UNDECLARED_SELECTOR = YES;
				GCC_WARN_UNINITIALIZED_AUTOS = YES_AGGRESSIVE;
				GCC_WARN_UNUSED_FUNCTION = YES;
				GCC_WARN_UNUSED_VARIABLE = YES;
				IPHONEOS_DEPLOYMENT_TARGET = 15.2;
				MTL_ENABLE_DEBUG_INFO = NO;
				MTL_FAST_MATH = YES;
				SDKROOT = iphoneos;
				SWIFT_COMPILATION_MODE = wholemodule;
				SWIFT_OPTIMIZATION_LEVEL = "-O";
				VALIDATE_PRODUCT = YES;
			};
			name = Release;
		};
		FD0735F7278A227A00F022A0 /* Debug */ = {
			isa = XCBuildConfiguration;
			buildSettings = {
				ASSETCATALOG_COMPILER_APPICON_NAME = AppIcon;
				ASSETCATALOG_COMPILER_GLOBAL_ACCENT_COLOR_NAME = AccentColor;
				CODE_SIGN_STYLE = Automatic;
				CURRENT_PROJECT_VERSION = 1;
				DEVELOPMENT_TEAM = 9T7P66B6FX;
				GENERATE_INFOPLIST_FILE = YES;
				INFOPLIST_FILE = "Github Followers/Info.plist";
				INFOPLIST_KEY_UIApplicationSupportsIndirectInputEvents = YES;
				INFOPLIST_KEY_UILaunchStoryboardName = LaunchScreen;
				INFOPLIST_KEY_UISupportedInterfaceOrientations = UIInterfaceOrientationPortrait;
				INFOPLIST_KEY_UISupportedInterfaceOrientations_iPad = "UIInterfaceOrientationPortrait UIInterfaceOrientationPortraitUpsideDown UIInterfaceOrientationLandscapeLeft UIInterfaceOrientationLandscapeRight";
				INFOPLIST_KEY_UISupportedInterfaceOrientations_iPhone = "UIInterfaceOrientationPortrait UIInterfaceOrientationLandscapeLeft UIInterfaceOrientationLandscapeRight";
				IPHONEOS_DEPLOYMENT_TARGET = 15.2;
				LD_RUNPATH_SEARCH_PATHS = (
					"$(inherited)",
					"@executable_path/Frameworks",
				);
				MARKETING_VERSION = 1.0;
				PRODUCT_BUNDLE_IDENTIFIER = "alexdiaz.Github-Followers";
				PRODUCT_NAME = "$(TARGET_NAME)";
				SWIFT_EMIT_LOC_STRINGS = YES;
				SWIFT_VERSION = 5.0;
				TARGETED_DEVICE_FAMILY = 1;
			};
			name = Debug;
		};
		FD0735F8278A227A00F022A0 /* Release */ = {
			isa = XCBuildConfiguration;
			buildSettings = {
				ASSETCATALOG_COMPILER_APPICON_NAME = AppIcon;
				ASSETCATALOG_COMPILER_GLOBAL_ACCENT_COLOR_NAME = AccentColor;
				CODE_SIGN_STYLE = Automatic;
				CURRENT_PROJECT_VERSION = 1;
				DEVELOPMENT_TEAM = 9T7P66B6FX;
				GENERATE_INFOPLIST_FILE = YES;
				INFOPLIST_FILE = "Github Followers/Info.plist";
				INFOPLIST_KEY_UIApplicationSupportsIndirectInputEvents = YES;
				INFOPLIST_KEY_UILaunchStoryboardName = LaunchScreen;
				INFOPLIST_KEY_UISupportedInterfaceOrientations = UIInterfaceOrientationPortrait;
				INFOPLIST_KEY_UISupportedInterfaceOrientations_iPad = "UIInterfaceOrientationPortrait UIInterfaceOrientationPortraitUpsideDown UIInterfaceOrientationLandscapeLeft UIInterfaceOrientationLandscapeRight";
				INFOPLIST_KEY_UISupportedInterfaceOrientations_iPhone = "UIInterfaceOrientationPortrait UIInterfaceOrientationLandscapeLeft UIInterfaceOrientationLandscapeRight";
				IPHONEOS_DEPLOYMENT_TARGET = 15.2;
				LD_RUNPATH_SEARCH_PATHS = (
					"$(inherited)",
					"@executable_path/Frameworks",
				);
				MARKETING_VERSION = 1.0;
				PRODUCT_BUNDLE_IDENTIFIER = "alexdiaz.Github-Followers";
				PRODUCT_NAME = "$(TARGET_NAME)";
				SWIFT_EMIT_LOC_STRINGS = YES;
				SWIFT_VERSION = 5.0;
				TARGETED_DEVICE_FAMILY = 1;
			};
			name = Release;
		};
/* End XCBuildConfiguration section */

/* Begin XCConfigurationList section */
		FD0735DD278A227900F022A0 /* Build configuration list for PBXProject "Github Followers" */ = {
			isa = XCConfigurationList;
			buildConfigurations = (
				FD0735F4278A227A00F022A0 /* Debug */,
				FD0735F5278A227A00F022A0 /* Release */,
			);
			defaultConfigurationIsVisible = 0;
			defaultConfigurationName = Release;
		};
		FD0735F6278A227A00F022A0 /* Build configuration list for PBXNativeTarget "Github Followers" */ = {
			isa = XCConfigurationList;
			buildConfigurations = (
				FD0735F7278A227A00F022A0 /* Debug */,
				FD0735F8278A227A00F022A0 /* Release */,
			);
			defaultConfigurationIsVisible = 0;
			defaultConfigurationName = Release;
		};
/* End XCConfigurationList section */
	};
	rootObject = FD0735DA278A227900F022A0 /* Project object */;
}
